{
  "lockfileVersion": 1,
  "configVersion": 0,
  "workspaces": {
    "": {
      "name": "nuvio-live-sports-plugin",
      "dependencies": {
        "impit": "0.14.4",
        "undici": "8.10.2",
      },
    },
  },
  "packages": {
    "impit": ["impit@0.14.4", "", { "optionalDependencies": { "impit-darwin-arm64": "0.14.4", "impit-darwin-x64": "0.14.4", "impit-linux-arm64-gnu": "0.14.4", "impit-linux-arm64-musl": "0.14.4", "impit-linux-x64-gnu": "0.14.4", "impit-linux-x64-musl": "0.14.4", "impit-win32-arm64-msvc": "0.14.4", "impit-win32-x64-msvc": "0.14.4" } }, "sha512-XXAafVQpWIYIchSxT6UufZgVNLewKVg9BJSwQYom7b1VWt/l0m+GPMhc4agK9O7QlAnEiFm1QQcX2RpsmLV6gQ=="],

    "impit-darwin-arm64": ["impit-darwin-arm64@0.14.4", "", { "os": "darwin", "cpu": "arm64" }, "sha512-i9fkPXXCB/1qBTGIlS26Z2krmE0wk/1UUlDUFeE1bMtihoUIe8TbeslSnx6pgaSY5ai9H0seUAgS9D4i66Kscg=="],

    "impit-darwin-x64": ["impit-darwin-x64@0.14.4", "", { "os": "darwin", "cpu": "x64" }, "sha512-p+W0enCZDCsnSwEWOMImpHq71jmVR7J9CjYvqgiFtQD3W+rQb7ilFLYYRalQ0rmrrH8imLRm2skG6V7YQkPwOg=="],

    "impit-linux-arm64-gnu": ["impit-linux-arm64-gnu@0.14.4", "", { "os": "linux", "cpu": "arm64" }, "sha512-9VVb905sNSPh0dF2sDFbbjSz5JqXCoMPxTery77PyqMCEuxybtW+Yv3U1tCM+CFKSuC39wXmueW+FLwOCS+zIw=="],

    "impit-linux-arm64-musl": ["impit-linux-arm64-musl@0.14.4", "", { "os": "linux", "cpu": "arm64" }, "sha512-PajwrCPCWPey4wjLSWSVFS/mRQXbh8WVrxXdgo6Ej530dyplxIiqcDh0Gr9fWYPriOC8pkcOpRqQ4O+1mH1xfQ=="],

    "impit-linux-x64-gnu": ["impit-linux-x64-gnu@0.14.4", "", { "os": "linux", "cpu": "x64" }, "sha512-Ly8CweOZ9Qj6BZNhvglJMo56i7tCF7Nw33OdXLZLZRxnBzxd2kI/LXpFsd1LiMkTDaiuLvqLGo7ZpxVt08LdwA=="],

    "impit-linux-x64-musl": ["impit-linux-x64-musl@0.14.4", "", { "os": "linux", "cpu": "x64" }, "sha512-dS9wj2phkB+o8OFdWBIFYx23ExH+pcsFMiXmoOwRVdDfUX9reZTmZL4KaiPuhSEBysN/wd46dxB/OzNbnn5hnQ=="],

    "impit-win32-arm64-msvc": ["impit-win32-arm64-msvc@0.14.4", "", { "os": "win32", "cpu": "arm64" }, "sha512-Nga0z+Hmp/HmxEKX0jv1wy2vaT4J44nE6+Z+CNZvvyVWiodWCG9+FvVn4McivgXix7UerspeyPvc174QBHwXEw=="],

    "impit-win32-x64-msvc": ["impit-win32-x64-msvc@0.14.4", "", { "os": "win32", "cpu": "x64" }, "sha512-v15fn/kcjLEzALB4z+VWTeG1UrtqZQq9n2HNsRUfUgfcgzM1i+KKtKP2RCJ1Fg1YeojQ7B6XGhRtpVVTjh8u+A=="],

    "undici": ["undici@8.10.2", "", {}, "sha512-/y4/bH9YNU5hi9NIrpOuvGXFcxrj3CMrV+/AYpowAYTpHn8gX/XPFjNy766FPoYY0miQhdW977JFWKGNhBdwyQ=="],
  }
}
